// !$*UTF8*$!
{
	archiveVersion = 1;
	classes = {
	};
	objectVersion = 46;
	objects = {

/* Begin PBXBuildFile section */
		9F92A7C019E83259009BFC90 /* AppDelegate.swift in Sources */ = {isa = PBXBuildFile; fileRef = 9F92A7BF19E83259009BFC90 /* AppDelegate.swift */; };
		9F92A7C219E83259009BFC90 /* ViewController.swift in Sources */ = {isa = PBXBuildFile; fileRef = 9F92A7C119E83259009BFC90 /* ViewController.swift */; };
		9F92A7C519E83259009BFC90 /* Main.storyboard in Resources */ = {isa = PBXBuildFile; fileRef = 9F92A7C319E83259009BFC90 /* Main.storyboard */; };
		9F92A7C719E83259009BFC90 /* Images.xcassets in Resources */ = {isa = PBXBuildFile; fileRef = 9F92A7C619E83259009BFC90 /* Images.xcassets */; };
		9F92A7CA19E83259009BFC90 /* LaunchScreen.xib in Resources */ = {isa = PBXBuildFile; fileRef = 9F92A7C819E83259009BFC90 /* LaunchScreen.xib */; };
		9F92A7D619E83259009BFC90 /* PostcardSwiftTests.swift in Sources */ = {isa = PBXBuildFile; fileRef = 9F92A7D519E83259009BFC90 /* PostcardSwiftTests.swift */; };
		9F92A7E119E832A0009BFC90 /* AlbertEinsteinStamp.jpg in Resources */ = {isa = PBXBuildFile; fileRef = 9F92A7DF19E832A0009BFC90 /* AlbertEinsteinStamp.jpg */; };
		9F92A7E219E832A0009BFC90 /* SagradaFamilia.jpeg in Resources */ = {isa = PBXBuildFile; fileRef = 9F92A7E019E832A0009BFC90 /* SagradaFamilia.jpeg */; };
/* End PBXBuildFile section */

/* Begin PBXContainerItemProxy section */
		9F92A7D019E83259009BFC90 /* PBXContainerItemProxy */ = {
			isa = PBXContainerItemProxy;
			containerPortal = 9F92A7B219E83259009BFC90 /* Project object */;
			proxyType = 1;
			remoteGlobalIDString = 9F92A7B919E83259009BFC90;
			remoteInfo = PostcardSwift;
		};
/* End PBXContainerItemProxy section */

/* Begin PBXFileReference section */
		9F92A7BA19E83259009BFC90 /* PostcardSwift.app */ = {isa = PBXFileReference; explicitFileType = wrapper.application; includeInIndex = 0; path = PostcardSwift.app; sourceTree = BUILT_PRODUCTS_DIR; };
		9F92A7BE19E83259009BFC90 /* Info.plist */ = {isa = PBXFileReference; lastKnownFileType = text.plist.xml; path = Info.plist; sourceTree = "<group>"; };
		9F92A7BF19E83259009BFC90 /* AppDelegate.swift */ = {isa = PBXFileReference; lastKnownFileType = sourcecode.swift; path = AppDelegate.swift; sourceTree = "<group>"; };
		9F92A7C119E83259009BFC90 /* ViewController.swift */ = {isa = PBXFileReference; lastKnownFileType = sourcecode.swift; path = ViewController.swift; sourceTree = "<group>"; };
		9F92A7C419E83259009BFC90 /* Base */ = {isa = PBXFileReference; lastKnownFileType = file.storyboard; name = Base; path = Base.lproj/Main.storyboard; sourceTree = "<group>"; };
		9F92A7C619E83259009BFC90 /* Images.xcassets */ = {isa = PBXFileReference; lastKnownFileType = folder.assetcatalog; path = Images.xcassets; sourceTree = "<group>"; };
		9F92A7C919E83259009BFC90 /* Base */ = {isa = PBXFileReference; lastKnownFileType = file.xib; name = Base; path = Base.lproj/LaunchScreen.xib; sourceTree = "<group>"; };
		9F92A7CF19E83259009BFC90 /* PostcardSwiftTests.xctest */ = {isa = PBXFileReference; explicitFileType = wrapper.cfbundle; includeInIndex = 0; path = PostcardSwiftTests.xctest; sourceTree = BUILT_PRODUCTS_DIR; };
		9F92A7D419E83259009BFC90 /* Info.plist */ = {isa = PBXFileReference; lastKnownFileType = text.plist.xml; path = Info.plist; sourceTree = "<group>"; };
		9F92A7D519E83259009BFC90 /* PostcardSwiftTests.swift */ = {isa = PBXFileReference; lastKnownFileType = sourcecode.swift; path = PostcardSwiftTests.swift; sourceTree = "<group>"; };
		9F92A7DF19E832A0009BFC90 /* AlbertEinsteinStamp.jpg */ = {isa = PBXFileReference; lastKnownFileType = image.jpeg; path = AlbertEinsteinStamp.jpg; sourceTree = "<group>"; };
		9F92A7E019E832A0009BFC90 /* SagradaFamilia.jpeg */ = {isa = PBXFileReference; lastKnownFileType = image.jpeg; path = SagradaFamilia.jpeg; sourceTree = "<group>"; };
/* End PBXFileReference section */

/* Begin PBXFrameworksBuildPhase section */
		9F92A7B719E83259009BFC90 /* Frameworks */ = {
			isa = PBXFrameworksBuildPhase;
			buildActionMask = 2147483647;
			files = (
			);
			runOnlyForDeploymentPostprocessing = 0;
		};
		9F92A7CC19E83259009BFC90 /* Frameworks */ = {
			isa = PBXFrameworksBuildPhase;
			buildActionMask = 2147483647;
			files = (
			);
			runOnlyForDeploymentPostprocessing = 0;
		};
/* End PBXFrameworksBuildPhase section */

/* Begin PBXGroup section */
		9F92A7B119E83259009BFC90 = {
			isa = PBXGroup;
			children = (
				9F92A7BC19E83259009BFC90 /* PostcardSwift */,
				9F92A7D219E83259009BFC90 /* PostcardSwiftTests */,
				9F92A7BB19E83259009BFC90 /* Products */,
			);
			sourceTree = "<group>";
		};
		9F92A7BB19E83259009BFC90 /* Products */ = {
			isa = PBXGroup;
			children = (
				9F92A7BA19E83259009BFC90 /* PostcardSwift.app */,
				9F92A7CF19E83259009BFC90 /* PostcardSwiftTests.xctest */,
			);
			name = Products;
			sourceTree = "<group>";
		};
		9F92A7BC19E83259009BFC90 /* PostcardSwift */ = {
			isa = PBXGroup;
			children = (
				9F92A7BF19E83259009BFC90 /* AppDelegate.swift */,
				9F92A7C119E83259009BFC90 /* ViewController.swift */,
				9F92A7C319E83259009BFC90 /* Main.storyboard */,
				9F92A7C619E83259009BFC90 /* Images.xcassets */,
				9F92A7C819E83259009BFC90 /* LaunchScreen.xib */,
				9F92A7BD19E83259009BFC90 /* Supporting Files */,
			);
			path = PostcardSwift;
			sourceTree = "<group>";
		};
		9F92A7BD19E83259009BFC90 /* Supporting Files */ = {
			isa = PBXGroup;
			children = (
				9F92A7DF19E832A0009BFC90 /* AlbertEinsteinStamp.jpg */,
				9F92A7E019E832A0009BFC90 /* SagradaFamilia.jpeg */,
				9F92A7BE19E83259009BFC90 /* Info.plist */,
			);
			name = "Supporting Files";
			sourceTree = "<group>";
		};
		9F92A7D219E83259009BFC90 /* PostcardSwiftTests */ = {
			isa = PBXGroup;
			children = (
				9F92A7D519E83259009BFC90 /* PostcardSwiftTests.swift */,
				9F92A7D319E83259009BFC90 /* Supporting Files */,
			);
			path = PostcardSwiftTests;
			sourceTree = "<group>";
		};
		9F92A7D319E83259009BFC90 /* Supporting Files */ = {
			isa = PBXGroup;
			children = (
				9F92A7D419E83259009BFC90 /* Info.plist */,
			);
			name = "Supporting Files";
			sourceTree = "<group>";
		};
/* End PBXGroup section */

/* Begin PBXNativeTarget section */
		9F92A7B919E83259009BFC90 /* PostcardSwift */ = {
			isa = PBXNativeTarget;
			buildConfigurationList = 9F92A7D919E83259009BFC90 /* Build configuration list for PBXNativeTarget "PostcardSwift" */;
			buildPhases = (
				9F92A7B619E83259009BFC90 /* Sources */,
				9F92A7B719E83259009BFC90 /* Frameworks */,
				9F92A7B819E83259009BFC90 /* Resources */,
			);
			buildRules = (
			);
			dependencies = (
			);
			name = PostcardSwift;
			productName = PostcardSwift;
			productReference = 9F92A7BA19E83259009BFC90 /* PostcardSwift.app */;
			productType = "com.apple.product-type.application";
		};
		9F92A7CE19E83259009BFC90 /* PostcardSwiftTests */ = {
			isa = PBXNativeTarget;
			buildConfigurationList = 9F92A7DC19E83259009BFC90 /* Build configuration list for PBXNativeTarget "PostcardSwiftTests" */;
			buildPhases = (
				9F92A7CB19E83259009BFC90 /* Sources */,
				9F92A7CC19E83259009BFC90 /* Frameworks */,
				9F92A7CD19E83259009BFC90 /* Resources */,
			);
			buildRules = (
			);
			dependencies = (
				9F92A7D119E83259009BFC90 /* PBXTargetDependency */,
			);
			name = PostcardSwiftTests;
			productName = PostcardSwiftTests;
			productReference = 9F92A7CF19E83259009BFC90 /* PostcardSwiftTests.xctest */;
			productType = "com.apple.product-type.bundle.unit-test";
		};
/* End PBXNativeTarget section */

/* Begin PBXProject section */
		9F92A7B219E83259009BFC90 /* Project object */ = {
			isa = PBXProject;
			attributes = {
				LastUpgradeCheck = 0600;
				ORGANIZATIONNAME = "Allen Soberano";
				TargetAttributes = {
					9F92A7B919E83259009BFC90 = {
						CreatedOnToolsVersion = 6.0;
					};
					9F92A7CE19E83259009BFC90 = {
						CreatedOnToolsVersion = 6.0;
						TestTargetID = 9F92A7B919E83259009BFC90;
					};
				};
			};
			buildConfigurationList = 9F92A7B519E83259009BFC90 /* Build configuration list for PBXProject "PostcardSwift" */;
			compatibilityVersion = "Xcode 3.2";
			developmentRegion = English;
			hasScannedForEncodings = 0;
			knownRegions = (
				en,
				Base,
			);
			mainGroup = 9F92A7B119E83259009BFC90;
			productRefGroup = 9F92A7BB19E83259009BFC90 /* Products */;
			projectDirPath = "";
			projectRoot = "";
			targets = (
				9F92A7B919E83259009BFC90 /* PostcardSwift */,
				9F92A7CE19E83259009BFC90 /* PostcardSwiftTests */,
			);
		};
/* End PBXProject section */

/* Begin PBXResourcesBuildPhase section */
		9F92A7B819E83259009BFC90 /* Resources */ = {
			isa = PBXResourcesBuildPhase;
			buildActionMask = 2147483647;
			files = (
				9F92A7E119E832A0009BFC90 /* AlbertEinsteinStamp.jpg in Resources */,
				9F92A7C519E83259009BFC90 /* Main.storyboard in Resources */,
				9F92A7CA19E83259009BFC90 /* LaunchScreen.xib in Resources */,
				9F92A7C719E83259009BFC90 /* Images.xcassets in Resources */,
				9F92A7E219E832A0009BFC90 /* SagradaFamilia.jpeg in Resources */,
			);
			runOnlyForDeploymentPostprocessing = 0;
		};
		9F92A7CD19E83259009BFC90 /* Resources */ = {
			isa = PBXResourcesBuildPhase;
			buildActionMask = 2147483647;
			files = (
			);
			runOnlyForDeploymentPostprocessing = 0;
		};
/* End PBXResourcesBuildPhase section */

/* Begin PBXSourcesBuildPhase section */
		9F92A7B619E83259009BFC90 /* Sources */ = {
			isa = PBXSourcesBuildPhase;
			buildActionMask = 2147483647;
			files = (
				9F92A7C219E83259009BFC90 /* ViewController.swift in Sources */,
				9F92A7C019E83259009BFC90 /* AppDelegate.swift in Sources */,
			);
			runOnlyForDeploymentPostprocessing = 0;
		};
		9F92A7CB19E83259009BFC90 /* Sources */ = {
			isa = PBXSourcesBuildPhase;
			buildActionMask = 2147483647;
			files = (
				9F92A7D619E83259009BFC90 /* PostcardSwiftTests.swift in Sources */,
			);
			runOnlyForDeploymentPostprocessing = 0;
		};
/* End PBXSourcesBuildPhase section */

/* Begin PBXTargetDependency section */
		9F92A7D119E83259009BFC90 /* PBXTargetDependency */ = {
			isa = PBXTargetDependency;
			target = 9F92A7B919E83259009BFC90 /* PostcardSwift */;
			targetProxy = 9F92A7D019E83259009BFC90 /* PBXContainerItemProxy */;
		};
/* End PBXTargetDependency section */

/* Begin PBXVariantGroup section */
		9F92A7C319E83259009BFC90 /* Main.storyboard */ = {
			isa = PBXVariantGroup;
			children = (
				9F92A7C419E83259009BFC90 /* Base */,
			);
			name = Main.storyboard;
			sourceTree = "<group>";
		};
		9F92A7C819E83259009BFC90 /* LaunchScreen.xib */ = {
			isa = PBXVariantGroup;
			children = (
				9F92A7C919E83259009BFC90 /* Base */,
			);
			name = LaunchScreen.xib;
			sourceTree = "<group>";
		};
/* End PBXVariantGroup section */

/* Begin XCBuildConfiguration section */
		9F92A7D719E83259009BFC90 /* Debug */ = {
			isa = XCBuildConfiguration;
			buildSettings = {
				ALWAYS_SEARCH_USER_PATHS = NO;
				CLANG_CXX_LANGUAGE_STANDARD = "gnu++0x";
				CLANG_CXX_LIBRARY = "libc++";
				CLANG_ENABLE_MODULES = YES;
				CLANG_ENABLE_OBJC_ARC = YES;
				CLANG_WARN_BOOL_CONVERSION = YES;
				CLANG_WARN_CONSTANT_CONVERSION = YES;
				CLANG_WARN_DIRECT_OBJC_ISA_USAGE = YES_ERROR;
				CLANG_WARN_EMPTY_BODY = YES;
				CLANG_WARN_ENUM_CONVERSION = YES;
				CLANG_WARN_INT_CONVERSION = YES;
				CLANG_WARN_OBJC_ROOT_CLASS = YES_ERROR;
				CLANG_WARN_UNREACHABLE_CODE = YES;
				CLANG_WARN__DUPLICATE_METHOD_MATCH = YES;
				"CODE_SIGN_IDENTITY[sdk=iphoneos*]" = "iPhone Developer";
				COPY_PHASE_STRIP = NO;
				ENABLE_STRICT_OBJC_MSGSEND = YES;
				GCC_C_LANGUAGE_STANDARD = gnu99;
				GCC_DYNAMIC_NO_PIC = NO;
				GCC_OPTIMIZATION_LEVEL = 0;
				GCC_PREPROCESSOR_DEFINITIONS = (
					"DEBUG=1",
					"$(inherited)",
				);
				GCC_SYMBOLS_PRIVATE_EXTERN = NO;
				GCC_WARN_64_TO_32_BIT_CONVERSION = YES;
				GCC_WARN_ABOUT_RETURN_TYPE = YES_ERROR;
				GCC_WARN_UNDECLARED_SELECTOR = YES;
				GCC_WARN_UNINITIALIZED_AUTOS = YES_AGGRESSIVE;
				GCC_WARN_UNUSED_FUNCTION = YES;
				GCC_WARN_UNUSED_VARIABLE = YES;
				IPHONEOS_DEPLOYMENT_TARGET = 8.0;
				MTL_ENABLE_DEBUG_INFO = YES;
				ONLY_ACTIVE_ARCH = YES;
				SDKROOT = iphoneos;
				SWIFT_OPTIMIZATION_LEVEL = "-Onone";
			};
			name = Debug;
		};
		9F92A7D819E83259009BFC90 /* Release */ = {
			isa = XCBuildConfiguration;
			buildSettings = {
				ALWAYS_SEARCH_USER_PATHS = NO;
				CLANG_CXX_LANGUAGE_STANDARD = "gnu++0x";
				CLANG_CXX_LIBRARY = "libc++";
				CLANG_ENABLE_MODULES = YES;
				CLANG_ENABLE_OBJC_ARC = YES;
				CLANG_WARN_BOOL_CONVERSION = YES;
				CLANG_WARN_CONSTANT_CONVERSION = YES;
				CLANG_WARN_DIRECT_OBJC_ISA_USAGE = YES_ERROR;
				CLANG_WARN_EMPTY_BODY = YES;
				CLANG_WARN_ENUM_CONVERSION = YES;
				CLANG_WARN_INT_CONVERSION = YES;
				CLANG_WARN_OBJC_ROOT_CLASS = YES_ERROR;
				CLANG_WARN_UNREACHABLE_CODE = YES;
				CLANG_WARN__DUPLICATE_METHOD_MATCH = YES;
				"CODE_SIGN_IDENTITY[sdk=iphoneos*]" = "iPhone Developer";
				COPY_PHASE_STRIP = YES;
				ENABLE_NS_ASSERTIONS = NO;
				ENABLE_STRICT_OBJC_MSGSEND = YES;
				GCC_C_LANGUAGE_STANDARD = gnu99;
				GCC_WARN_64_TO_32_BIT_CONVERSION = YES;
				GCC_WARN_ABOUT_RETURN_TYPE = YES_ERROR;
				GCC_WARN_UNDECLARED_SELECTOR = YES;
				GCC_WARN_UNINITIALIZED_AUTOS = YES_AGGRESSIVE;
				GCC_WARN_UNUSED_FUNCTION = YES;
				GCC_WARN_UNUSED_VARIABLE = YES;
				IPHONEOS_DEPLOYMENT_TARGET = 8.0;
				MTL_ENABLE_DEBUG_INFO = NO;
				SDKROOT = iphoneos;
				VALIDATE_PRODUCT = YES;
			};
			name = Release;
		};
		9F92A7DA19E83259009BFC90 /* Debug */ = {
			isa = XCBuildConfiguration;
			buildSettings = {
				ASSETCATALOG_COMPILER_APPICON_NAME = AppIcon;
				INFOPLIST_FILE = PostcardSwift/Info.plist;
				LD_RUNPATH_SEARCH_PATHS = "$(inherited) @executable_path/Frameworks";
				PRODUCT_NAME = "$(TARGET_NAME)";
			};
			name = Debug;
		};
		9F92A7DB19E83259009BFC90 /* Release */ = {
			isa = XCBuildConfiguration;
			buildSettings = {
				ASSETCATALOG_COMPILER_APPICON_NAME = AppIcon;
				INFOPLIST_FILE = PostcardSwift/Info.plist;
				LD_RUNPATH_SEARCH_PATHS = "$(inherited) @executable_path/Frameworks";
				PRODUCT_NAME = "$(TARGET_NAME)";
			};
			name = Release;
		};
		9F92A7DD19E83259009BFC90 /* Debug */ = {
			isa = XCBuildConfiguration;
			buildSettings = {
				BUNDLE_LOADER = "$(TEST_HOST)";
				FRAMEWORK_SEARCH_PATHS = (
					"$(SDKROOT)/Developer/Library/Frameworks",
					"$(inherited)",
				);
				GCC_PREPROCESSOR_DEFINITIONS = (
					"DEBUG=1",
					"$(inherited)",
				);
				INFOPLIST_FILE = PostcardSwiftTests/Info.plist;
				LD_RUNPATH_SEARCH_PATHS = "$(inherited) @executable_path/Frameworks @loader_path/Frameworks";
				PRODUCT_NAME = "$(TARGET_NAME)";
				TEST_HOST = "$(BUILT_PRODUCTS_DIR)/PostcardSwift.app/PostcardSwift";
			};
			name = Debug;
		};
		9F92A7DE19E83259009BFC90 /* Release */ = {
			isa = XCBuildConfiguration;
			buildSettings = {
				BUNDLE_LOADER = "$(TEST_HOST)";
				FRAMEWORK_SEARCH_PATHS = (
					"$(SDKROOT)/Developer/Library/Frameworks",
					"$(inherited)",
				);
				INFOPLIST_FILE = PostcardSwiftTests/Info.plist;
				LD_RUNPATH_SEARCH_PATHS = "$(inherited) @executable_path/Frameworks @loader_path/Frameworks";
				PRODUCT_NAME = "$(TARGET_NAME)";
				TEST_HOST = "$(BUILT_PRODUCTS_DIR)/PostcardSwift.app/PostcardSwift";
			};
			name = Release;
		};
/* End XCBuildConfiguration section */

/* Begin XCConfigurationList section */
		9F92A7B519E83259009BFC90 /* Build configuration list for PBXProject "PostcardSwift" */ = {
			isa = XCConfigurationList;
			buildConfigurations = (
				9F92A7D719E83259009BFC90 /* Debug */,
				9F92A7D819E83259009BFC90 /* Release */,
			);
			defaultConfigurationIsVisible = 0;
			defaultConfigurationName = Release;
		};
		9F92A7D919E83259009BFC90 /* Build configuration list for PBXNativeTarget "PostcardSwift" */ = {
			isa = XCConfigurationList;
			buildConfigurations = (
				9F92A7DA19E83259009BFC90 /* Debug */,
				9F92A7DB19E83259009BFC90 /* Release */,
			);
			defaultConfigurationIsVisible = 0;
		};
		9F92A7DC19E83259009BFC90 /* Build configuration list for PBXNativeTarget "PostcardSwiftTests" */ = {
			isa = XCConfigurationList;
			buildConfigurations = (
				9F92A7DD19E83259009BFC90 /* Debug */,
				9F92A7DE19E83259009BFC90 /* Release */,
			);
			defaultConfigurationIsVisible = 0;
		};
/* End XCConfigurationList section */
	};
	rootObject = 9F92A7B219E83259009BFC90 /* Project object */;
}
